
Microsoft Visual Studio Solution File, Format Version 12.00
# Visual Studio 15
VisualStudioVersion = 15.0.27004.2005
MinimumVisualStudioVersion = 10.0.40219.1
Project("{FAE04EC0-301F-11D3-BF4B-00C04F79EFBC}") = "CalculatorNunitTests", "CalculatorNunitTests\CalculatorNunitTests.csproj", "{6D787B52-B0E9-4581-BF0F-808238355605}"
EndProject
Project("{FAE04EC0-301F-11D3-BF4B-00C04F79EFBC}") = "CalculatorMStestTests", "CalculatorMStestTests\CalculatorMStestTests.csproj", "{3A33DDEB-71FD-4AEB-878F-0EF161AA0686}"
EndProject
Global
	GlobalSection(SolutionConfigurationPlatforms) = preSolution
		Debug|Any CPU = Debug|Any CPU
		Release|Any CPU = Release|Any CPU
	EndGlobalSection
	GlobalSection(ProjectConfigurationPlatforms) = postSolution
		{6D787B52-B0E9-4581-BF0F-808238355605}.Debug|Any CPU.ActiveCfg = Debug|Any CPU
		{6D787B52-B0E9-4581-BF0F-808238355605}.Debug|Any CPU.Build.0 = Debug|Any CPU
		{6D787B52-B0E9-4581-BF0F-808238355605}.Release|Any CPU.ActiveCfg = Release|Any CPU
		{6D787B52-B0E9-4581-BF0F-808238355605}.Release|Any CPU.Build.0 = Release|Any CPU
		{3A33DDEB-71FD-4AEB-878F-0EF161AA0686}.Debug|Any CPU.ActiveCfg = Debug|Any CPU
		{3A33DDEB-71FD-4AEB-878F-0EF161AA0686}.Debug|Any CPU.Build.0 = Debug|Any CPU
		{3A33DDEB-71FD-4AEB-878F-0EF161AA0686}.Release|Any CPU.ActiveCfg = Release|Any CPU
		{3A33DDEB-71FD-4AEB-878F-0EF161AA0686}.Release|Any CPU.Build.0 = Release|Any CPU
	EndGlobalSection
	GlobalSection(SolutionProperties) = preSolution
		HideSolutionNode = FALSE
	EndGlobalSection
	GlobalSection(ExtensibilityGlobals) = postSolution
		SolutionGuid = {D460526A-BCA4-4053-8795-68CF34CDA1B1}
	EndGlobalSection
EndGlobal
